// !$*UTF8*$!
{
	archiveVersion = 1;
	classes = {
	};
	objectVersion = 46;
	objects = {

/* Begin PBXBuildFile section */
		EEE4AEBE1EAD726F00AA2539 /* AppDelegate.swift in Sources */ = {isa = PBXBuildFile; fileRef = EEE4AEBD1EAD726F00AA2539 /* AppDelegate.swift */; };
		EEE4AEC01EAD726F00AA2539 /* ViewController.swift in Sources */ = {isa = PBXBuildFile; fileRef = EEE4AEBF1EAD726F00AA2539 /* ViewController.swift */; };
		EEE4AEC31EAD726F00AA2539 /* Main.storyboard in Resources */ = {isa = PBXBuildFile; fileRef = EEE4AEC11EAD726F00AA2539 /* Main.storyboard */; };
		EEE4AEC51EAD726F00AA2539 /* Assets.xcassets in Resources */ = {isa = PBXBuildFile; fileRef = EEE4AEC41EAD726F00AA2539 /* Assets.xcassets */; };
		EEE4AEC81EAD726F00AA2539 /* LaunchScreen.storyboard in Resources */ = {isa = PBXBuildFile; fileRef = EEE4AEC61EAD726F00AA2539 /* LaunchScreen.storyboard */; };
/* End PBXBuildFile section */

/* Begin PBXFileReference section */
		EEE4AEBA1EAD726F00AA2539 /* FilhoEscola.app */ = {isa = PBXFileReference; explicitFileType = wrapper.application; includeInIndex = 0; path = FilhoEscola.app; sourceTree = BUILT_PRODUCTS_DIR; };
		EEE4AEBD1EAD726F00AA2539 /* AppDelegate.swift */ = {isa = PBXFileReference; lastKnownFileType = sourcecode.swift; path = AppDelegate.swift; sourceTree = "<group>"; };
		EEE4AEBF1EAD726F00AA2539 /* ViewController.swift */ = {isa = PBXFileReference; lastKnownFileType = sourcecode.swift; path = ViewController.swift; sourceTree = "<group>"; };
		EEE4AEC21EAD726F00AA2539 /* Base */ = {isa = PBXFileReference; lastKnownFileType = file.storyboard; name = Base; path = Base.lproj/Main.storyboard; sourceTree = "<group>"; };
		EEE4AEC41EAD726F00AA2539 /* Assets.xcassets */ = {isa = PBXFileReference; lastKnownFileType = folder.assetcatalog; path = Assets.xcassets; sourceTree = "<group>"; };
		EEE4AEC71EAD726F00AA2539 /* Base */ = {isa = PBXFileReference; lastKnownFileType = file.storyboard; name = Base; path = Base.lproj/LaunchScreen.storyboard; sourceTree = "<group>"; };
		EEE4AEC91EAD726F00AA2539 /* Info.plist */ = {isa = PBXFileReference; lastKnownFileType = text.plist.xml; path = Info.plist; sourceTree = "<group>"; };
/* End PBXFileReference section */

/* Begin PBXFrameworksBuildPhase section */
		EEE4AEB71EAD726F00AA2539 /* Frameworks */ = {
			isa = PBXFrameworksBuildPhase;
			buildActionMask = 2147483647;
			files = (
			);
			runOnlyForDeploymentPostprocessing = 0;
		};
/* End PBXFrameworksBuildPhase section */

/* Begin PBXGroup section */
		EEE4AEB11EAD726F00AA2539 = {
			isa = PBXGroup;
			children = (
				EEE4AEBC1EAD726F00AA2539 /* FilhoEscola */,
				EEE4AEBB1EAD726F00AA2539 /* Products */,
			);
			sourceTree = "<group>";
		};
		EEE4AEBB1EAD726F00AA2539 /* Products */ = {
			isa = PBXGroup;
			children = (
				EEE4AEBA1EAD726F00AA2539 /* FilhoEscola.app */,
			);
			name = Products;
			sourceTree = "<group>";
		};
		EEE4AEBC1EAD726F00AA2539 /* FilhoEscola */ = {
			isa = PBXGroup;
			children = (
				EEE4AEBD1EAD726F00AA2539 /* AppDelegate.swift */,
				EEE4AEBF1EAD726F00AA2539 /* ViewController.swift */,
				EEE4AEC11EAD726F00AA2539 /* Main.storyboard */,
				EEE4AEC41EAD726F00AA2539 /* Assets.xcassets */,
				EEE4AEC61EAD726F00AA2539 /* LaunchScreen.storyboard */,
				EEE4AEC91EAD726F00AA2539 /* Info.plist */,
			);
			path = FilhoEscola;
			sourceTree = "<group>";
		};
/* End PBXGroup section */

/* Begin PBXNativeTarget section */
		EEE4AEB91EAD726F00AA2539 /* FilhoEscola */ = {
			isa = PBXNativeTarget;
			buildConfigurationList = EEE4AECC1EAD726F00AA2539 /* Build configuration list for PBXNativeTarget "FilhoEscola" */;
			buildPhases = (
				EEE4AEB61EAD726F00AA2539 /* Sources */,
				EEE4AEB71EAD726F00AA2539 /* Frameworks */,
				EEE4AEB81EAD726F00AA2539 /* Resources */,
			);
			buildRules = (
			);
			dependencies = (
			);
			name = FilhoEscola;
			productName = FilhoEscola;
			productReference = EEE4AEBA1EAD726F00AA2539 /* FilhoEscola.app */;
			productType = "com.apple.product-type.application";
		};
/* End PBXNativeTarget section */

/* Begin PBXProject section */
		EEE4AEB21EAD726F00AA2539 /* Project object */ = {
			isa = PBXProject;
			attributes = {
				LastSwiftUpdateCheck = 0830;
				LastUpgradeCheck = 0830;
				ORGANIZATIONNAME = "Wasys Technology";
				TargetAttributes = {
					EEE4AEB91EAD726F00AA2539 = {
						CreatedOnToolsVersion = 8.3.2;
						DevelopmentTeam = A5AW2855YQ;
						ProvisioningStyle = Automatic;
					};
				};
			};
			buildConfigurationList = EEE4AEB51EAD726F00AA2539 /* Build configuration list for PBXProject "FilhoEscola" */;
			compatibilityVersion = "Xcode 3.2";
			developmentRegion = English;
			hasScannedForEncodings = 0;
			knownRegions = (
				en,
				Base,
			);
			mainGroup = EEE4AEB11EAD726F00AA2539;
			productRefGroup = EEE4AEBB1EAD726F00AA2539 /* Products */;
			projectDirPath = "";
			projectRoot = "";
			targets = (
				EEE4AEB91EAD726F00AA2539 /* FilhoEscola */,
			);
		};
/* End PBXProject section */

/* Begin PBXResourcesBuildPhase section */
		EEE4AEB81EAD726F00AA2539 /* Resources */ = {
			isa = PBXResourcesBuildPhase;
			buildActionMask = 2147483647;
			files = (
				EEE4AEC81EAD726F00AA2539 /* LaunchScreen.storyboard in Resources */,
				EEE4AEC51EAD726F00AA2539 /* Assets.xcassets in Resources */,
				EEE4AEC31EAD726F00AA2539 /* Main.storyboard in Resources */,
			);
			runOnlyForDeploymentPostprocessing = 0;
		};
/* End PBXResourcesBuildPhase section */

/* Begin PBXSourcesBuildPhase section */
		EEE4AEB61EAD726F00AA2539 /* Sources */ = {
			isa = PBXSourcesBuildPhase;
			buildActionMask = 2147483647;
			files = (
				EEE4AEC01EAD726F00AA2539 /* ViewController.swift in Sources */,
				EEE4AEBE1EAD726F00AA2539 /* AppDelegate.swift in Sources */,
			);
			runOnlyForDeploymentPostprocessing = 0;
		};
/* End PBXSourcesBuildPhase section */

/* Begin PBXVariantGroup section */
		EEE4AEC11EAD726F00AA2539 /* Main.storyboard */ = {
			isa = PBXVariantGroup;
			children = (
				EEE4AEC21EAD726F00AA2539 /* Base */,
			);
			name = Main.storyboard;
			sourceTree = "<group>";
		};
		EEE4AEC61EAD726F00AA2539 /* LaunchScreen.storyboard */ = {
			isa = PBXVariantGroup;
			children = (
				EEE4AEC71EAD726F00AA2539 /* Base */,
			);
			name = LaunchScreen.storyboard;
			sourceTree = "<group>";
		};
/* End PBXVariantGroup section */

/* Begin XCBuildConfiguration section */
		EEE4AECA1EAD726F00AA2539 /* Debug */ = {
			isa = XCBuildConfiguration;
			buildSettings = {
				ALWAYS_SEARCH_USER_PATHS = NO;
				CLANG_ANALYZER_NONNULL = YES;
				CLANG_ANALYZER_NUMBER_OBJECT_CONVERSION = YES_AGGRESSIVE;
				CLANG_CXX_LANGUAGE_STANDARD = "gnu++0x";
				CLANG_CXX_LIBRARY = "libc++";
				CLANG_ENABLE_MODULES = YES;
				CLANG_ENABLE_OBJC_ARC = YES;
				CLANG_WARN_BOOL_CONVERSION = YES;
				CLANG_WARN_CONSTANT_CONVERSION = YES;
				CLANG_WARN_DIRECT_OBJC_ISA_USAGE = YES_ERROR;
				CLANG_WARN_DOCUMENTATION_COMMENTS = YES;
				CLANG_WARN_EMPTY_BODY = YES;
				CLANG_WARN_ENUM_CONVERSION = YES;
				CLANG_WARN_INFINITE_RECURSION = YES;
				CLANG_WARN_INT_CONVERSION = YES;
				CLANG_WARN_OBJC_ROOT_CLASS = YES_ERROR;
				CLANG_WARN_SUSPICIOUS_MOVE = YES;
				CLANG_WARN_UNREACHABLE_CODE = YES;
				CLANG_WARN__DUPLICATE_METHOD_MATCH = YES;
				"CODE_SIGN_IDENTITY[sdk=iphoneos*]" = "iPhone Developer";
				COPY_PHASE_STRIP = NO;
				DEBUG_INFORMATION_FORMAT = dwarf;
				ENABLE_STRICT_OBJC_MSGSEND = YES;
				ENABLE_TESTABILITY = YES;
				GCC_C_LANGUAGE_STANDARD = gnu99;
				GCC_DYNAMIC_NO_PIC = NO;
				GCC_NO_COMMON_BLOCKS = YES;
				GCC_OPTIMIZATION_LEVEL = 0;
				GCC_PREPROCESSOR_DEFINITIONS = (
					"DEBUG=1",
					"$(inherited)",
				);
				GCC_WARN_64_TO_32_BIT_CONVERSION = YES;
				GCC_WARN_ABOUT_RETURN_TYPE = YES_ERROR;
				GCC_WARN_UNDECLARED_SELECTOR = YES;
				GCC_WARN_UNINITIALIZED_AUTOS = YES_AGGRESSIVE;
				GCC_WARN_UNUSED_FUNCTION = YES;
				GCC_WARN_UNUSED_VARIABLE = YES;
				IPHONEOS_DEPLOYMENT_TARGET = 10.3;
				MTL_ENABLE_DEBUG_INFO = YES;
				ONLY_ACTIVE_ARCH = YES;
				SDKROOT = iphoneos;
				SWIFT_ACTIVE_COMPILATION_CONDITIONS = DEBUG;
				SWIFT_OPTIMIZATION_LEVEL = "-Onone";
				TARGETED_DEVICE_FAMILY = "1,2";
			};
			name = Debug;
		};
		EEE4AECB1EAD726F00AA2539 /* Release */ = {
			isa = XCBuildConfiguration;
			buildSettings = {
				ALWAYS_SEARCH_USER_PATHS = NO;
				CLANG_ANALYZER_NONNULL = YES;
				CLANG_ANALYZER_NUMBER_OBJECT_CONVERSION = YES_AGGRESSIVE;
				CLANG_CXX_LANGUAGE_STANDARD = "gnu++0x";
				CLANG_CXX_LIBRARY = "libc++";
				CLANG_ENABLE_MODULES = YES;
				CLANG_ENABLE_OBJC_ARC = YES;
				CLANG_WARN_BOOL_CONVERSION = YES;
				CLANG_WARN_CONSTANT_CONVERSION = YES;
				CLANG_WARN_DIRECT_OBJC_ISA_USAGE = YES_ERROR;
				CLANG_WARN_DOCUMENTATION_COMMENTS = YES;
				CLANG_WARN_EMPTY_BODY = YES;
				CLANG_WARN_ENUM_CONVERSION = YES;
				CLANG_WARN_INFINITE_RECURSION = YES;
				CLANG_WARN_INT_CONVERSION = YES;
				CLANG_WARN_OBJC_ROOT_CLASS = YES_ERROR;
				CLANG_WARN_SUSPICIOUS_MOVE = YES;
				CLANG_WARN_UNREACHABLE_CODE = YES;
				CLANG_WARN__DUPLICATE_METHOD_MATCH = YES;
				"CODE_SIGN_IDENTITY[sdk=iphoneos*]" = "iPhone Developer";
				COPY_PHASE_STRIP = NO;
				DEBUG_INFORMATION_FORMAT = "dwarf-with-dsym";
				ENABLE_NS_ASSERTIONS = NO;
				ENABLE_STRICT_OBJC_MSGSEND = YES;
				GCC_C_LANGUAGE_STANDARD = gnu99;
				GCC_NO_COMMON_BLOCKS = YES;
				GCC_WARN_64_TO_32_BIT_CONVERSION = YES;
				GCC_WARN_ABOUT_RETURN_TYPE = YES_ERROR;
				GCC_WARN_UNDECLARED_SELECTOR = YES;
				GCC_WARN_UNINITIALIZED_AUTOS = YES_AGGRESSIVE;
				GCC_WARN_UNUSED_FUNCTION = YES;
				GCC_WARN_UNUSED_VARIABLE = YES;
				IPHONEOS_DEPLOYMENT_TARGET = 10.3;
				MTL_ENABLE_DEBUG_INFO = NO;
				SDKROOT = iphoneos;
				SWIFT_OPTIMIZATION_LEVEL = "-Owholemodule";
				TARGETED_DEVICE_FAMILY = "1,2";
				VALIDATE_PRODUCT = YES;
			};
			name = Release;
		};
		EEE4AECD1EAD726F00AA2539 /* Debug */ = {
			isa = XCBuildConfiguration;
			buildSettings = {
				ASSETCATALOG_COMPILER_APPICON_NAME = AppIcon;
				DEVELOPMENT_TEAM = A5AW2855YQ;
				INFOPLIST_FILE = FilhoEscola/Info.plist;
				LD_RUNPATH_SEARCH_PATHS = "$(inherited) @executable_path/Frameworks";
				PRODUCT_BUNDLE_IDENTIFIER = br.com.wasys.FilhoEscola;
				PRODUCT_NAME = "$(TARGET_NAME)";
				SWIFT_VERSION = 3.0;
			};
			name = Debug;
		};
		EEE4AECE1EAD726F00AA2539 /* Release */ = {
			isa = XCBuildConfiguration;
			buildSettings = {
				ASSETCATALOG_COMPILER_APPICON_NAME = AppIcon;
				DEVELOPMENT_TEAM = A5AW2855YQ;
				INFOPLIST_FILE = FilhoEscola/Info.plist;
				LD_RUNPATH_SEARCH_PATHS = "$(inherited) @executable_path/Frameworks";
				PRODUCT_BUNDLE_IDENTIFIER = br.com.wasys.FilhoEscola;
				PRODUCT_NAME = "$(TARGET_NAME)";
				SWIFT_VERSION = 3.0;
			};
			name = Release;
		};
/* End XCBuildConfiguration section */

/* Begin XCConfigurationList section */
		EEE4AEB51EAD726F00AA2539 /* Build configuration list for PBXProject "FilhoEscola" */ = {
			isa = XCConfigurationList;
			buildConfigurations = (
				EEE4AECA1EAD726F00AA2539 /* Debug */,
				EEE4AECB1EAD726F00AA2539 /* Release */,
			);
			defaultConfigurationIsVisible = 0;
			defaultConfigurationName = Release;
		};
		EEE4AECC1EAD726F00AA2539 /* Build configuration list for PBXNativeTarget "FilhoEscola" */ = {
			isa = XCConfigurationList;
			buildConfigurations = (
				EEE4AECD1EAD726F00AA2539 /* Debug */,
				EEE4AECE1EAD726F00AA2539 /* Release */,
			);
			defaultConfigurationIsVisible = 0;
		};
/* End XCConfigurationList section */
	};
	rootObject = EEE4AEB21EAD726F00AA2539 /* Project object */;
}
