// !$*UTF8*$!
{
	archiveVersion = 1;
	classes = {
	};
	objectVersion = 46;
	objects = {

/* Begin PBXBuildFile section */
		EE3024081ECC75D700B7F010 /* ImagemModel.swift in Sources */ = {isa = PBXBuildFile; fileRef = EE3024071ECC75D700B7F010 /* ImagemModel.swift */; };
		EE3024101ECC806E00B7F010 /* MensagemService.swift in Sources */ = {isa = PBXBuildFile; fileRef = EE30240F1ECC806E00B7F010 /* MensagemService.swift */; };
		EE3024121ECC850000B7F010 /* Escola.swift in Sources */ = {isa = PBXBuildFile; fileRef = EE3024111ECC850000B7F010 /* Escola.swift */; };
		EE3024141ECC86E900B7F010 /* Aluno.swift in Sources */ = {isa = PBXBuildFile; fileRef = EE3024131ECC86E900B7F010 /* Aluno.swift */; };
		EE3024181ECC96C800B7F010 /* Mensagem.swift in Sources */ = {isa = PBXBuildFile; fileRef = EE3024171ECC96C800B7F010 /* Mensagem.swift */; };
		EE30241A1ECC97CC00B7F010 /* Funcionario.swift in Sources */ = {isa = PBXBuildFile; fileRef = EE3024191ECC97CC00B7F010 /* Funcionario.swift */; };
		EE30241C1ECC9AA200B7F010 /* FuncionarioModel.swift in Sources */ = {isa = PBXBuildFile; fileRef = EE30241B1ECC9AA200B7F010 /* FuncionarioModel.swift */; };
		EE3D4BDB1EBE4C6800243C38 /* MensagemTableViewCell.swift in Sources */ = {isa = PBXBuildFile; fileRef = EE3D4BD91EBE4C6800243C38 /* MensagemTableViewCell.swift */; };
		EE3D4BDC1EBE4C6800243C38 /* MensagemTableViewCell.xib in Resources */ = {isa = PBXBuildFile; fileRef = EE3D4BDA1EBE4C6800243C38 /* MensagemTableViewCell.xib */; };
		EE4D90451F4A480F00549152 /* PushNotification.swift in Sources */ = {isa = PBXBuildFile; fileRef = EE4D90441F4A480F00549152 /* PushNotification.swift */; };
		EE7B26CF1F421F4C0084D96A /* Icon.swift in Sources */ = {isa = PBXBuildFile; fileRef = EE7B26CE1F421F4C0084D96A /* Icon.swift */; };
		EE7B26D11F421F5B0084D96A /* Assets.xcassets in Resources */ = {isa = PBXBuildFile; fileRef = EE7B26D01F421F5B0084D96A /* Assets.xcassets */; };
		EECD943A1EBCAAC0009919CA /* CircleLabel.swift in Sources */ = {isa = PBXBuildFile; fileRef = EECD94381EBCAAC0009919CA /* CircleLabel.swift */; };
		EECD943B1EBCAAC0009919CA /* CircleImage.swift in Sources */ = {isa = PBXBuildFile; fileRef = EECD94391EBCAAC0009919CA /* CircleImage.swift */; };
		EED196801F38F7CE00509675 /* AlunoListViewController.swift in Sources */ = {isa = PBXBuildFile; fileRef = EED1967F1F38F7CE00509675 /* AlunoListViewController.swift */; };
		EED341021F39E1AC00A8AB0F /* AlunoService.swift in Sources */ = {isa = PBXBuildFile; fileRef = EED341011F39E1AC00A8AB0F /* AlunoService.swift */; };
		EED341051F39EF7100A8AB0F /* AlunoTableViewCell.swift in Sources */ = {isa = PBXBuildFile; fileRef = EED341031F39EF7100A8AB0F /* AlunoTableViewCell.swift */; };
		EED341061F39EF7100A8AB0F /* AlunoTableViewCell.xib in Resources */ = {isa = PBXBuildFile; fileRef = EED341041F39EF7100A8AB0F /* AlunoTableViewCell.xib */; };
		EED341081F39F97100A8AB0F /* MensagemCalendarViewController.swift in Sources */ = {isa = PBXBuildFile; fileRef = EED341071F39F97100A8AB0F /* MensagemCalendarViewController.swift */; };
		EED3410A1F3A02A300A8AB0F /* ShadowUtils.swift in Sources */ = {isa = PBXBuildFile; fileRef = EED341091F3A02A300A8AB0F /* ShadowUtils.swift */; };
		EED3410C1F3A02DF00A8AB0F /* Color.swift in Sources */ = {isa = PBXBuildFile; fileRef = EED3410B1F3A02DF00A8AB0F /* Color.swift */; };
		EED3410F1F3A04C300A8AB0F /* MensagemCalendarHeaderView.swift in Sources */ = {isa = PBXBuildFile; fileRef = EED3410E1F3A04C300A8AB0F /* MensagemCalendarHeaderView.swift */; };
		EED341111F3A050100A8AB0F /* MensagemCalendarHeaderView.xib in Resources */ = {isa = PBXBuildFile; fileRef = EED341101F3A050100A8AB0F /* MensagemCalendarHeaderView.xib */; };
		EED3D0F21EC01F2800C220F6 /* ModalViewController.swift in Sources */ = {isa = PBXBuildFile; fileRef = EED3D0F01EC01F2800C220F6 /* ModalViewController.swift */; };
		EED3D0F31EC01F2800C220F6 /* ModalViewController.xib in Resources */ = {isa = PBXBuildFile; fileRef = EED3D0F11EC01F2800C220F6 /* ModalViewController.xib */; };
		EED8EA691EBA8030006F9AC1 /* AlunoModel.swift in Sources */ = {isa = PBXBuildFile; fileRef = EED8EA681EBA8030006F9AC1 /* AlunoModel.swift */; };
		EED8EA6D1EBA8207006F9AC1 /* EscolaModel.swift in Sources */ = {isa = PBXBuildFile; fileRef = EED8EA6C1EBA8207006F9AC1 /* EscolaModel.swift */; };
		EED8EA6F1EBA85D8006F9AC1 /* MensagemModel.swift in Sources */ = {isa = PBXBuildFile; fileRef = EED8EA6E1EBA85D8006F9AC1 /* MensagemModel.swift */; };
		EEE20F011ECDD06E00D64B5D /* Imagem.swift in Sources */ = {isa = PBXBuildFile; fileRef = EEE20F001ECDD06E00D64B5D /* Imagem.swift */; };
		EEE20F041ECDE05D00D64B5D /* ExternalWebViewController.swift in Sources */ = {isa = PBXBuildFile; fileRef = EEE20F021ECDE05D00D64B5D /* ExternalWebViewController.swift */; };
		EEE20F051ECDE05D00D64B5D /* ExternalWebViewController.xib in Resources */ = {isa = PBXBuildFile; fileRef = EEE20F031ECDE05D00D64B5D /* ExternalWebViewController.xib */; };
		EEE4AEC51EAD726F00AA2539 /* Assets.xcassets in Resources */ = {isa = PBXBuildFile; fileRef = EEE4AEC41EAD726F00AA2539 /* Assets.xcassets */; };
		EEE4AED41EAD8D7900AA2539 /* HttpStatus.swift in Sources */ = {isa = PBXBuildFile; fileRef = EEE4AED31EAD8D7900AA2539 /* HttpStatus.swift */; };
		EEE4AED91EAD8D8000AA2539 /* DateUtils.swift in Sources */ = {isa = PBXBuildFile; fileRef = EEE4AED51EAD8D8000AA2539 /* DateUtils.swift */; };
		EEE4AEDA1EAD8D8000AA2539 /* NumberUtils.swift in Sources */ = {isa = PBXBuildFile; fileRef = EEE4AED61EAD8D8000AA2539 /* NumberUtils.swift */; };
		EEE4AEDB1EAD8D8000AA2539 /* TextUtils.swift in Sources */ = {isa = PBXBuildFile; fileRef = EEE4AED71EAD8D8000AA2539 /* TextUtils.swift */; };
		EEE4AEDC1EAD8D8000AA2539 /* ViewUtils.swift in Sources */ = {isa = PBXBuildFile; fileRef = EEE4AED81EAD8D8000AA2539 /* ViewUtils.swift */; };
		EEE4AEE31EAD8D8700AA2539 /* DateField.swift in Sources */ = {isa = PBXBuildFile; fileRef = EEE4AEDD1EAD8D8700AA2539 /* DateField.swift */; };
		EEE4AEE41EAD8D8700AA2539 /* PickerField.swift in Sources */ = {isa = PBXBuildFile; fileRef = EEE4AEDE1EAD8D8700AA2539 /* PickerField.swift */; };
		EEE4AEE51EAD8D8700AA2539 /* TextField.swift in Sources */ = {isa = PBXBuildFile; fileRef = EEE4AEDF1EAD8D8700AA2539 /* TextField.swift */; };
		EEE4AEE61EAD8D8700AA2539 /* Button.swift in Sources */ = {isa = PBXBuildFile; fileRef = EEE4AEE01EAD8D8700AA2539 /* Button.swift */; };
		EEE4AEE71EAD8D8700AA2539 /* View.swift in Sources */ = {isa = PBXBuildFile; fileRef = EEE4AEE11EAD8D8700AA2539 /* View.swift */; };
		EEE4AEE81EAD8D8700AA2539 /* CircleView.swift in Sources */ = {isa = PBXBuildFile; fileRef = EEE4AEE21EAD8D8700AA2539 /* CircleView.swift */; };
		EEE4AEEF1EAD8D9400AA2539 /* App.swift in Sources */ = {isa = PBXBuildFile; fileRef = EEE4AEE91EAD8D9400AA2539 /* App.swift */; };
		EEE4AEF01EAD8D9400AA2539 /* HRToast+UIView.swift in Sources */ = {isa = PBXBuildFile; fileRef = EEE4AEEA1EAD8D9400AA2539 /* HRToast+UIView.swift */; };
		EEE4AEF11EAD8D9400AA2539 /* Service.swift in Sources */ = {isa = PBXBuildFile; fileRef = EEE4AEEB1EAD8D9400AA2539 /* Service.swift */; };
		EEE4AEF21EAD8D9400AA2539 /* AppViewController.swift in Sources */ = {isa = PBXBuildFile; fileRef = EEE4AEEC1EAD8D9400AA2539 /* AppViewController.swift */; };
		EEE4AEF31EAD8D9400AA2539 /* Model.swift in Sources */ = {isa = PBXBuildFile; fileRef = EEE4AEED1EAD8D9400AA2539 /* Model.swift */; };
		EEE4AEF41EAD8D9400AA2539 /* Trouble.swift in Sources */ = {isa = PBXBuildFile; fileRef = EEE4AEEE1EAD8D9400AA2539 /* Trouble.swift */; };
		EEE4AEF71EAD8DB900AA2539 /* Device.js in Resources */ = {isa = PBXBuildFile; fileRef = EEE4AEF61EAD8DB900AA2539 /* Device.js */; };
		EEE4AEFA1EAD8DC900AA2539 /* config.plist in Resources */ = {isa = PBXBuildFile; fileRef = EEE4AEF81EAD8DC900AA2539 /* config.plist */; };
		EEE4AEFB1EAD8DC900AA2539 /* Localizable.strings in Resources */ = {isa = PBXBuildFile; fileRef = EEE4AEF91EAD8DC900AA2539 /* Localizable.strings */; };
		EEE4AEFF1EAD8E2F00AA2539 /* SWRevealViewController.m in Sources */ = {isa = PBXBuildFile; fileRef = EEE4AEFE1EAD8E2F00AA2539 /* SWRevealViewController.m */; };
		EEE4AF071EAD8EED00AA2539 /* Cache.swift in Sources */ = {isa = PBXBuildFile; fileRef = EEE4AF061EAD8EED00AA2539 /* Cache.swift */; };
		EEE4AF0E1EAD8F6800AA2539 /* CacheModel.swift in Sources */ = {isa = PBXBuildFile; fileRef = EEE4AF081EAD8F6800AA2539 /* CacheModel.swift */; };
		EEE4AF101EAD8F6800AA2539 /* ResultModel.swift in Sources */ = {isa = PBXBuildFile; fileRef = EEE4AF0A1EAD8F6800AA2539 /* ResultModel.swift */; };
		EEE4AF111EAD8F6800AA2539 /* ViewModel.swift in Sources */ = {isa = PBXBuildFile; fileRef = EEE4AF0B1EAD8F6800AA2539 /* ViewModel.swift */; };
		EEE4AF121EAD8F6800AA2539 /* ToolbarModel.swift in Sources */ = {isa = PBXBuildFile; fileRef = EEE4AF0C1EAD8F6800AA2539 /* ToolbarModel.swift */; };
		EEE4AF131EAD8F6800AA2539 /* ButtonModel.swift in Sources */ = {isa = PBXBuildFile; fileRef = EEE4AF0D1EAD8F6800AA2539 /* ButtonModel.swift */; };
		EEE4AF171EAD8FC900AA2539 /* FilhoEscola.swift in Sources */ = {isa = PBXBuildFile; fileRef = EEE4AF141EAD8FC900AA2539 /* FilhoEscola.swift */; };
		EEE4AF181EAD8FC900AA2539 /* AppDelegate.swift in Sources */ = {isa = PBXBuildFile; fileRef = EEE4AF151EAD8FC900AA2539 /* AppDelegate.swift */; };
		EEE4AF191EAD8FC900AA2539 /* AppURLProtocol.swift in Sources */ = {isa = PBXBuildFile; fileRef = EEE4AF161EAD8FC900AA2539 /* AppURLProtocol.swift */; };
		EEE4AF281EAD90D200AA2539 /* FrontViewController.swift in Sources */ = {isa = PBXBuildFile; fileRef = EEE4AF201EAD90D200AA2539 /* FrontViewController.swift */; };
		EEE4AF291EAD90D200AA2539 /* DrawerViewController.swift in Sources */ = {isa = PBXBuildFile; fileRef = EEE4AF211EAD90D200AA2539 /* DrawerViewController.swift */; };
		EEE4AF2A1EAD90D200AA2539 /* MenuTableViewController.swift in Sources */ = {isa = PBXBuildFile; fileRef = EEE4AF221EAD90D200AA2539 /* MenuTableViewController.swift */; };
		EEE4AF2B1EAD90D200AA2539 /* WebViewController.swift in Sources */ = {isa = PBXBuildFile; fileRef = EEE4AF231EAD90D200AA2539 /* WebViewController.swift */; };
		EEE4AF2C1EAD90D200AA2539 /* CacheViewController.swift in Sources */ = {isa = PBXBuildFile; fileRef = EEE4AF241EAD90D200AA2539 /* CacheViewController.swift */; };
		EEE4AF2D1EAD90D200AA2539 /* InicialViewController.swift in Sources */ = {isa = PBXBuildFile; fileRef = EEE4AF251EAD90D200AA2539 /* InicialViewController.swift */; };
		EEE4AF2E1EAD90D200AA2539 /* AcessoViewController.swift in Sources */ = {isa = PBXBuildFile; fileRef = EEE4AF261EAD90D200AA2539 /* AcessoViewController.swift */; };
		EEE4AF2F1EAD90D200AA2539 /* CodigoViewController.swift in Sources */ = {isa = PBXBuildFile; fileRef = EEE4AF271EAD90D200AA2539 /* CodigoViewController.swift */; };
		EEE4AF331EAD910100AA2539 /* Main.storyboard in Resources */ = {isa = PBXBuildFile; fileRef = EEE4AF301EAD910100AA2539 /* Main.storyboard */; };
		EEE4AF341EAD910100AA2539 /* Menu.storyboard in Resources */ = {isa = PBXBuildFile; fileRef = EEE4AF311EAD910100AA2539 /* Menu.storyboard */; };
		EEE4AF351EAD910100AA2539 /* LaunchScreen.storyboard in Resources */ = {isa = PBXBuildFile; fileRef = EEE4AF321EAD910100AA2539 /* LaunchScreen.storyboard */; };
		EEE4AF391EAD988100AA2539 /* FileService.swift in Sources */ = {isa = PBXBuildFile; fileRef = EEE4AF361EAD988100AA2539 /* FileService.swift */; };
		EEE4AF3A1EAD988100AA2539 /* CacheService.swift in Sources */ = {isa = PBXBuildFile; fileRef = EEE4AF371EAD988100AA2539 /* CacheService.swift */; };
		EEE4AF3B1EAD988100AA2539 /* DispositivoService.swift in Sources */ = {isa = PBXBuildFile; fileRef = EEE4AF381EAD988100AA2539 /* DispositivoService.swift */; };
		EEFF44D31F30E4640089941E /* Network.swift in Sources */ = {isa = PBXBuildFile; fileRef = EEFF44D21F30E4640089941E /* Network.swift */; };
		EEFF44D51F30E7E80089941E /* UploadResultModel.swift in Sources */ = {isa = PBXBuildFile; fileRef = EEFF44D41F30E7E80089941E /* UploadResultModel.swift */; };
		EEFF44D71F30F3770089941E /* MessageModel.swift in Sources */ = {isa = PBXBuildFile; fileRef = EEFF44D61F30F3770089941E /* MessageModel.swift */; };
		F73F39D61B63F1E63FD99CD0 /* Pods_FilhoEscola.framework in Frameworks */ = {isa = PBXBuildFile; fileRef = 69F7B5F5ADFA81D58520BBBF /* Pods_FilhoEscola.framework */; };
/* End PBXBuildFile section */

/* Begin PBXFileReference section */
		69F7B5F5ADFA81D58520BBBF /* Pods_FilhoEscola.framework */ = {isa = PBXFileReference; explicitFileType = wrapper.framework; includeInIndex = 0; path = Pods_FilhoEscola.framework; sourceTree = BUILT_PRODUCTS_DIR; };
		80C433397419DD66357B7C01 /* Pods-FilhoEscola.ad hoc distribuction.xcconfig */ = {isa = PBXFileReference; includeInIndex = 1; lastKnownFileType = text.xcconfig; name = "Pods-FilhoEscola.ad hoc distribuction.xcconfig"; path = "Pods/Target Support Files/Pods-FilhoEscola/Pods-FilhoEscola.ad hoc distribuction.xcconfig"; sourceTree = "<group>"; };
		CAC51ECEDB7B18A7644D067C /* Pods-FilhoEscola.release.xcconfig */ = {isa = PBXFileReference; includeInIndex = 1; lastKnownFileType = text.xcconfig; name = "Pods-FilhoEscola.release.xcconfig"; path = "Pods/Target Support Files/Pods-FilhoEscola/Pods-FilhoEscola.release.xcconfig"; sourceTree = "<group>"; };
		D3C30380CB4536B1234D79D8 /* Pods-FilhoEscola.debug.xcconfig */ = {isa = PBXFileReference; includeInIndex = 1; lastKnownFileType = text.xcconfig; name = "Pods-FilhoEscola.debug.xcconfig"; path = "Pods/Target Support Files/Pods-FilhoEscola/Pods-FilhoEscola.debug.xcconfig"; sourceTree = "<group>"; };
		EE1DAD381F4A1A740059BB6E /* FilhoEscola.entitlements */ = {isa = PBXFileReference; lastKnownFileType = text.plist.entitlements; path = FilhoEscola.entitlements; sourceTree = "<group>"; };
		EE3024071ECC75D700B7F010 /* ImagemModel.swift */ = {isa = PBXFileReference; fileEncoding = 4; lastKnownFileType = sourcecode.swift; path = ImagemModel.swift; sourceTree = "<group>"; };
		EE30240F1ECC806E00B7F010 /* MensagemService.swift */ = {isa = PBXFileReference; fileEncoding = 4; lastKnownFileType = sourcecode.swift; path = MensagemService.swift; sourceTree = "<group>"; };
		EE3024111ECC850000B7F010 /* Escola.swift */ = {isa = PBXFileReference; fileEncoding = 4; lastKnownFileType = sourcecode.swift; path = Escola.swift; sourceTree = "<group>"; };
		EE3024131ECC86E900B7F010 /* Aluno.swift */ = {isa = PBXFileReference; fileEncoding = 4; lastKnownFileType = sourcecode.swift; path = Aluno.swift; sourceTree = "<group>"; };
		EE3024171ECC96C800B7F010 /* Mensagem.swift */ = {isa = PBXFileReference; fileEncoding = 4; lastKnownFileType = sourcecode.swift; path = Mensagem.swift; sourceTree = "<group>"; };
		EE3024191ECC97CC00B7F010 /* Funcionario.swift */ = {isa = PBXFileReference; fileEncoding = 4; lastKnownFileType = sourcecode.swift; path = Funcionario.swift; sourceTree = "<group>"; };
		EE30241B1ECC9AA200B7F010 /* FuncionarioModel.swift */ = {isa = PBXFileReference; fileEncoding = 4; lastKnownFileType = sourcecode.swift; path = FuncionarioModel.swift; sourceTree = "<group>"; };
		EE3D4BD91EBE4C6800243C38 /* MensagemTableViewCell.swift */ = {isa = PBXFileReference; fileEncoding = 4; lastKnownFileType = sourcecode.swift; path = MensagemTableViewCell.swift; sourceTree = "<group>"; };
		EE3D4BDA1EBE4C6800243C38 /* MensagemTableViewCell.xib */ = {isa = PBXFileReference; fileEncoding = 4; lastKnownFileType = file.xib; path = MensagemTableViewCell.xib; sourceTree = "<group>"; };
		EE4D90441F4A480F00549152 /* PushNotification.swift */ = {isa = PBXFileReference; fileEncoding = 4; lastKnownFileType = sourcecode.swift; path = PushNotification.swift; sourceTree = "<group>"; };
		EE7B26CE1F421F4C0084D96A /* Icon.swift */ = {isa = PBXFileReference; fileEncoding = 4; lastKnownFileType = sourcecode.swift; path = Icon.swift; sourceTree = "<group>"; };
		EE7B26D01F421F5B0084D96A /* Assets.xcassets */ = {isa = PBXFileReference; lastKnownFileType = folder.assetcatalog; path = Assets.xcassets; sourceTree = "<group>"; };
		EECD94381EBCAAC0009919CA /* CircleLabel.swift */ = {isa = PBXFileReference; fileEncoding = 4; lastKnownFileType = sourcecode.swift; path = CircleLabel.swift; sourceTree = "<group>"; };
		EECD94391EBCAAC0009919CA /* CircleImage.swift */ = {isa = PBXFileReference; fileEncoding = 4; lastKnownFileType = sourcecode.swift; path = CircleImage.swift; sourceTree = "<group>"; };
		EED1967F1F38F7CE00509675 /* AlunoListViewController.swift */ = {isa = PBXFileReference; fileEncoding = 4; lastKnownFileType = sourcecode.swift; path = AlunoListViewController.swift; sourceTree = "<group>"; };
		EED341011F39E1AC00A8AB0F /* AlunoService.swift */ = {isa = PBXFileReference; fileEncoding = 4; lastKnownFileType = sourcecode.swift; path = AlunoService.swift; sourceTree = "<group>"; };
		EED341031F39EF7100A8AB0F /* AlunoTableViewCell.swift */ = {isa = PBXFileReference; fileEncoding = 4; lastKnownFileType = sourcecode.swift; path = AlunoTableViewCell.swift; sourceTree = "<group>"; };
		EED341041F39EF7100A8AB0F /* AlunoTableViewCell.xib */ = {isa = PBXFileReference; fileEncoding = 4; lastKnownFileType = file.xib; path = AlunoTableViewCell.xib; sourceTree = "<group>"; };
		EED341071F39F97100A8AB0F /* MensagemCalendarViewController.swift */ = {isa = PBXFileReference; fileEncoding = 4; lastKnownFileType = sourcecode.swift; path = MensagemCalendarViewController.swift; sourceTree = "<group>"; };
		EED341091F3A02A300A8AB0F /* ShadowUtils.swift */ = {isa = PBXFileReference; fileEncoding = 4; lastKnownFileType = sourcecode.swift; path = ShadowUtils.swift; sourceTree = "<group>"; };
		EED3410B1F3A02DF00A8AB0F /* Color.swift */ = {isa = PBXFileReference; fileEncoding = 4; lastKnownFileType = sourcecode.swift; path = Color.swift; sourceTree = "<group>"; };
		EED3410E1F3A04C300A8AB0F /* MensagemCalendarHeaderView.swift */ = {isa = PBXFileReference; fileEncoding = 4; lastKnownFileType = sourcecode.swift; path = MensagemCalendarHeaderView.swift; sourceTree = "<group>"; };
		EED341101F3A050100A8AB0F /* MensagemCalendarHeaderView.xib */ = {isa = PBXFileReference; fileEncoding = 4; lastKnownFileType = file.xib; path = MensagemCalendarHeaderView.xib; sourceTree = "<group>"; };
		EED3D0F01EC01F2800C220F6 /* ModalViewController.swift */ = {isa = PBXFileReference; fileEncoding = 4; lastKnownFileType = sourcecode.swift; path = ModalViewController.swift; sourceTree = "<group>"; };
		EED3D0F11EC01F2800C220F6 /* ModalViewController.xib */ = {isa = PBXFileReference; fileEncoding = 4; lastKnownFileType = file.xib; path = ModalViewController.xib; sourceTree = "<group>"; };
		EED8EA681EBA8030006F9AC1 /* AlunoModel.swift */ = {isa = PBXFileReference; fileEncoding = 4; lastKnownFileType = sourcecode.swift; path = AlunoModel.swift; sourceTree = "<group>"; };
		EED8EA6C1EBA8207006F9AC1 /* EscolaModel.swift */ = {isa = PBXFileReference; fileEncoding = 4; lastKnownFileType = sourcecode.swift; path = EscolaModel.swift; sourceTree = "<group>"; };
		EED8EA6E1EBA85D8006F9AC1 /* MensagemModel.swift */ = {isa = PBXFileReference; fileEncoding = 4; lastKnownFileType = sourcecode.swift; path = MensagemModel.swift; sourceTree = "<group>"; };
		EEE20F001ECDD06E00D64B5D /* Imagem.swift */ = {isa = PBXFileReference; fileEncoding = 4; lastKnownFileType = sourcecode.swift; path = Imagem.swift; sourceTree = "<group>"; };
		EEE20F021ECDE05D00D64B5D /* ExternalWebViewController.swift */ = {isa = PBXFileReference; fileEncoding = 4; lastKnownFileType = sourcecode.swift; path = ExternalWebViewController.swift; sourceTree = "<group>"; };
		EEE20F031ECDE05D00D64B5D /* ExternalWebViewController.xib */ = {isa = PBXFileReference; fileEncoding = 4; lastKnownFileType = file.xib; path = ExternalWebViewController.xib; sourceTree = "<group>"; };
		EEE4AEBA1EAD726F00AA2539 /* FilhoEscola.app */ = {isa = PBXFileReference; explicitFileType = wrapper.application; includeInIndex = 0; path = FilhoEscola.app; sourceTree = BUILT_PRODUCTS_DIR; };
		EEE4AEC41EAD726F00AA2539 /* Assets.xcassets */ = {isa = PBXFileReference; lastKnownFileType = folder.assetcatalog; path = Assets.xcassets; sourceTree = "<group>"; };
		EEE4AEC91EAD726F00AA2539 /* Info.plist */ = {isa = PBXFileReference; lastKnownFileType = text.plist.xml; path = Info.plist; sourceTree = "<group>"; };
		EEE4AED31EAD8D7900AA2539 /* HttpStatus.swift */ = {isa = PBXFileReference; fileEncoding = 4; lastKnownFileType = sourcecode.swift; path = HttpStatus.swift; sourceTree = "<group>"; };
		EEE4AED51EAD8D8000AA2539 /* DateUtils.swift */ = {isa = PBXFileReference; fileEncoding = 4; lastKnownFileType = sourcecode.swift; path = DateUtils.swift; sourceTree = "<group>"; };
		EEE4AED61EAD8D8000AA2539 /* NumberUtils.swift */ = {isa = PBXFileReference; fileEncoding = 4; lastKnownFileType = sourcecode.swift; path = NumberUtils.swift; sourceTree = "<group>"; };
		EEE4AED71EAD8D8000AA2539 /* TextUtils.swift */ = {isa = PBXFileReference; fileEncoding = 4; lastKnownFileType = sourcecode.swift; path = TextUtils.swift; sourceTree = "<group>"; };
		EEE4AED81EAD8D8000AA2539 /* ViewUtils.swift */ = {isa = PBXFileReference; fileEncoding = 4; lastKnownFileType = sourcecode.swift; path = ViewUtils.swift; sourceTree = "<group>"; };
		EEE4AEDD1EAD8D8700AA2539 /* DateField.swift */ = {isa = PBXFileReference; fileEncoding = 4; lastKnownFileType = sourcecode.swift; path = DateField.swift; sourceTree = "<group>"; };
		EEE4AEDE1EAD8D8700AA2539 /* PickerField.swift */ = {isa = PBXFileReference; fileEncoding = 4; lastKnownFileType = sourcecode.swift; path = PickerField.swift; sourceTree = "<group>"; };
		EEE4AEDF1EAD8D8700AA2539 /* TextField.swift */ = {isa = PBXFileReference; fileEncoding = 4; lastKnownFileType = sourcecode.swift; path = TextField.swift; sourceTree = "<group>"; };
		EEE4AEE01EAD8D8700AA2539 /* Button.swift */ = {isa = PBXFileReference; fileEncoding = 4; lastKnownFileType = sourcecode.swift; path = Button.swift; sourceTree = "<group>"; };
		EEE4AEE11EAD8D8700AA2539 /* View.swift */ = {isa = PBXFileReference; fileEncoding = 4; lastKnownFileType = sourcecode.swift; path = View.swift; sourceTree = "<group>"; };
		EEE4AEE21EAD8D8700AA2539 /* CircleView.swift */ = {isa = PBXFileReference; fileEncoding = 4; lastKnownFileType = sourcecode.swift; path = CircleView.swift; sourceTree = "<group>"; };
		EEE4AEE91EAD8D9400AA2539 /* App.swift */ = {isa = PBXFileReference; fileEncoding = 4; lastKnownFileType = sourcecode.swift; path = App.swift; sourceTree = "<group>"; };
		EEE4AEEA1EAD8D9400AA2539 /* HRToast+UIView.swift */ = {isa = PBXFileReference; fileEncoding = 4; lastKnownFileType = sourcecode.swift; path = "HRToast+UIView.swift"; sourceTree = "<group>"; };
		EEE4AEEB1EAD8D9400AA2539 /* Service.swift */ = {isa = PBXFileReference; fileEncoding = 4; lastKnownFileType = sourcecode.swift; path = Service.swift; sourceTree = "<group>"; };
		EEE4AEEC1EAD8D9400AA2539 /* AppViewController.swift */ = {isa = PBXFileReference; fileEncoding = 4; lastKnownFileType = sourcecode.swift; path = AppViewController.swift; sourceTree = "<group>"; };
		EEE4AEED1EAD8D9400AA2539 /* Model.swift */ = {isa = PBXFileReference; fileEncoding = 4; lastKnownFileType = sourcecode.swift; path = Model.swift; sourceTree = "<group>"; };
		EEE4AEEE1EAD8D9400AA2539 /* Trouble.swift */ = {isa = PBXFileReference; fileEncoding = 4; lastKnownFileType = sourcecode.swift; path = Trouble.swift; sourceTree = "<group>"; };
		EEE4AEF61EAD8DB900AA2539 /* Device.js */ = {isa = PBXFileReference; fileEncoding = 4; lastKnownFileType = sourcecode.javascript; path = Device.js; sourceTree = "<group>"; };
		EEE4AEF81EAD8DC900AA2539 /* config.plist */ = {isa = PBXFileReference; fileEncoding = 4; lastKnownFileType = text.plist.xml; path = config.plist; sourceTree = "<group>"; };
		EEE4AEF91EAD8DC900AA2539 /* Localizable.strings */ = {isa = PBXFileReference; fileEncoding = 4; lastKnownFileType = text.plist.strings; path = Localizable.strings; sourceTree = "<group>"; };
		EEE4AEFC1EAD8E2F00AA2539 /* FilhoEscola-Bridging-Header.h */ = {isa = PBXFileReference; lastKnownFileType = sourcecode.c.h; path = "FilhoEscola-Bridging-Header.h"; sourceTree = "<group>"; };
		EEE4AEFD1EAD8E2F00AA2539 /* SWRevealViewController.h */ = {isa = PBXFileReference; fileEncoding = 4; lastKnownFileType = sourcecode.c.h; path = SWRevealViewController.h; sourceTree = "<group>"; };
		EEE4AEFE1EAD8E2F00AA2539 /* SWRevealViewController.m */ = {isa = PBXFileReference; fileEncoding = 4; lastKnownFileType = sourcecode.c.objc; path = SWRevealViewController.m; sourceTree = "<group>"; };
		EEE4AF061EAD8EED00AA2539 /* Cache.swift */ = {isa = PBXFileReference; fileEncoding = 4; lastKnownFileType = sourcecode.swift; path = Cache.swift; sourceTree = "<group>"; };
		EEE4AF081EAD8F6800AA2539 /* CacheModel.swift */ = {isa = PBXFileReference; fileEncoding = 4; lastKnownFileType = sourcecode.swift; path = CacheModel.swift; sourceTree = "<group>"; };
		EEE4AF0A1EAD8F6800AA2539 /* ResultModel.swift */ = {isa = PBXFileReference; fileEncoding = 4; lastKnownFileType = sourcecode.swift; path = ResultModel.swift; sourceTree = "<group>"; };
		EEE4AF0B1EAD8F6800AA2539 /* ViewModel.swift */ = {isa = PBXFileReference; fileEncoding = 4; lastKnownFileType = sourcecode.swift; path = ViewModel.swift; sourceTree = "<group>"; };
		EEE4AF0C1EAD8F6800AA2539 /* ToolbarModel.swift */ = {isa = PBXFileReference; fileEncoding = 4; lastKnownFileType = sourcecode.swift; path = ToolbarModel.swift; sourceTree = "<group>"; };
		EEE4AF0D1EAD8F6800AA2539 /* ButtonModel.swift */ = {isa = PBXFileReference; fileEncoding = 4; lastKnownFileType = sourcecode.swift; path = ButtonModel.swift; sourceTree = "<group>"; };
		EEE4AF141EAD8FC900AA2539 /* FilhoEscola.swift */ = {isa = PBXFileReference; fileEncoding = 4; lastKnownFileType = sourcecode.swift; path = FilhoEscola.swift; sourceTree = "<group>"; };
		EEE4AF151EAD8FC900AA2539 /* AppDelegate.swift */ = {isa = PBXFileReference; fileEncoding = 4; lastKnownFileType = sourcecode.swift; path = AppDelegate.swift; sourceTree = "<group>"; };
		EEE4AF161EAD8FC900AA2539 /* AppURLProtocol.swift */ = {isa = PBXFileReference; fileEncoding = 4; lastKnownFileType = sourcecode.swift; path = AppURLProtocol.swift; sourceTree = "<group>"; };
		EEE4AF201EAD90D200AA2539 /* FrontViewController.swift */ = {isa = PBXFileReference; fileEncoding = 4; lastKnownFileType = sourcecode.swift; path = FrontViewController.swift; sourceTree = "<group>"; };
		EEE4AF211EAD90D200AA2539 /* DrawerViewController.swift */ = {isa = PBXFileReference; fileEncoding = 4; lastKnownFileType = sourcecode.swift; path = DrawerViewController.swift; sourceTree = "<group>"; };
		EEE4AF221EAD90D200AA2539 /* MenuTableViewController.swift */ = {isa = PBXFileReference; fileEncoding = 4; lastKnownFileType = sourcecode.swift; path = MenuTableViewController.swift; sourceTree = "<group>"; };
		EEE4AF231EAD90D200AA2539 /* WebViewController.swift */ = {isa = PBXFileReference; fileEncoding = 4; lastKnownFileType = sourcecode.swift; path = WebViewController.swift; sourceTree = "<group>"; };
		EEE4AF241EAD90D200AA2539 /* CacheViewController.swift */ = {isa = PBXFileReference; fileEncoding = 4; lastKnownFileType = sourcecode.swift; path = CacheViewController.swift; sourceTree = "<group>"; };
		EEE4AF251EAD90D200AA2539 /* InicialViewController.swift */ = {isa = PBXFileReference; fileEncoding = 4; lastKnownFileType = sourcecode.swift; path = InicialViewController.swift; sourceTree = "<group>"; };
		EEE4AF261EAD90D200AA2539 /* AcessoViewController.swift */ = {isa = PBXFileReference; fileEncoding = 4; lastKnownFileType = sourcecode.swift; path = AcessoViewController.swift; sourceTree = "<group>"; };
		EEE4AF271EAD90D200AA2539 /* CodigoViewController.swift */ = {isa = PBXFileReference; fileEncoding = 4; lastKnownFileType = sourcecode.swift; path = CodigoViewController.swift; sourceTree = "<group>"; };
		EEE4AF301EAD910100AA2539 /* Main.storyboard */ = {isa = PBXFileReference; fileEncoding = 4; lastKnownFileType = file.storyboard; path = Main.storyboard; sourceTree = "<group>"; };
		EEE4AF311EAD910100AA2539 /* Menu.storyboard */ = {isa = PBXFileReference; fileEncoding = 4; lastKnownFileType = file.storyboard; path = Menu.storyboard; sourceTree = "<group>"; };
		EEE4AF321EAD910100AA2539 /* LaunchScreen.storyboard */ = {isa = PBXFileReference; fileEncoding = 4; lastKnownFileType = file.storyboard; path = LaunchScreen.storyboard; sourceTree = "<group>"; };
		EEE4AF361EAD988100AA2539 /* FileService.swift */ = {isa = PBXFileReference; fileEncoding = 4; lastKnownFileType = sourcecode.swift; path = FileService.swift; sourceTree = "<group>"; };
		EEE4AF371EAD988100AA2539 /* CacheService.swift */ = {isa = PBXFileReference; fileEncoding = 4; lastKnownFileType = sourcecode.swift; path = CacheService.swift; sourceTree = "<group>"; };
		EEE4AF381EAD988100AA2539 /* DispositivoService.swift */ = {isa = PBXFileReference; fileEncoding = 4; lastKnownFileType = sourcecode.swift; path = DispositivoService.swift; sourceTree = "<group>"; };
		EEFF44D21F30E4640089941E /* Network.swift */ = {isa = PBXFileReference; fileEncoding = 4; lastKnownFileType = sourcecode.swift; path = Network.swift; sourceTree = "<group>"; };
		EEFF44D41F30E7E80089941E /* UploadResultModel.swift */ = {isa = PBXFileReference; fileEncoding = 4; lastKnownFileType = sourcecode.swift; path = UploadResultModel.swift; sourceTree = "<group>"; };
		EEFF44D61F30F3770089941E /* MessageModel.swift */ = {isa = PBXFileReference; fileEncoding = 4; lastKnownFileType = sourcecode.swift; path = MessageModel.swift; sourceTree = "<group>"; };
/* End PBXFileReference section */

/* Begin PBXFrameworksBuildPhase section */
		EEE4AEB71EAD726F00AA2539 /* Frameworks */ = {
			isa = PBXFrameworksBuildPhase;
			buildActionMask = 2147483647;
			files = (
				F73F39D61B63F1E63FD99CD0 /* Pods_FilhoEscola.framework in Frameworks */,
			);
			runOnlyForDeploymentPostprocessing = 0;
		};
/* End PBXFrameworksBuildPhase section */

/* Begin PBXGroup section */
		1BAF286D4C4A84D1A19AA3E4 /* Pods */ = {
			isa = PBXGroup;
			children = (
				D3C30380CB4536B1234D79D8 /* Pods-FilhoEscola.debug.xcconfig */,
				CAC51ECEDB7B18A7644D067C /* Pods-FilhoEscola.release.xcconfig */,
				80C433397419DD66357B7C01 /* Pods-FilhoEscola.ad hoc distribuction.xcconfig */,
			);
			name = Pods;
			sourceTree = "<group>";
		};
		C365DC8BB4EF0648B28E96EE /* Frameworks */ = {
			isa = PBXGroup;
			children = (
				69F7B5F5ADFA81D58520BBBF /* Pods_FilhoEscola.framework */,
			);
			name = Frameworks;
			sourceTree = "<group>";
		};
		EE2D3BAE1EBB481900B93370 /* TableViewCell */ = {
			isa = PBXGroup;
			children = (
				EE3D4BD91EBE4C6800243C38 /* MensagemTableViewCell.swift */,
				EE3D4BDA1EBE4C6800243C38 /* MensagemTableViewCell.xib */,
				EED341031F39EF7100A8AB0F /* AlunoTableViewCell.swift */,
				EED341041F39EF7100A8AB0F /* AlunoTableViewCell.xib */,
			);
			name = TableViewCell;
			sourceTree = "<group>";
		};
		EED3410D1F3A047600A8AB0F /* TableViewHeaderFooterView */ = {
			isa = PBXGroup;
			children = (
				EED3410E1F3A04C300A8AB0F /* MensagemCalendarHeaderView.swift */,
				EED341101F3A050100A8AB0F /* MensagemCalendarHeaderView.xib */,
			);
			name = TableViewHeaderFooterView;
			sourceTree = "<group>";
		};
		EED8EA631EBA7B4A006F9AC1 /* View */ = {
			isa = PBXGroup;
			children = (
				EE2D3BAE1EBB481900B93370 /* TableViewCell */,
				EED3410D1F3A047600A8AB0F /* TableViewHeaderFooterView */,
			);
			name = View;
			sourceTree = "<group>";
		};
		EEE4AEB11EAD726F00AA2539 = {
			isa = PBXGroup;
			children = (
				EEE4AEBC1EAD726F00AA2539 /* FilhoEscola */,
				EEE4AEBB1EAD726F00AA2539 /* Products */,
				1BAF286D4C4A84D1A19AA3E4 /* Pods */,
				C365DC8BB4EF0648B28E96EE /* Frameworks */,
				EEE4AECF1EAD8D2A00AA2539 /* Library */,
			);
			sourceTree = "<group>";
		};
		EEE4AEBB1EAD726F00AA2539 /* Products */ = {
			isa = PBXGroup;
			children = (
				EEE4AEBA1EAD726F00AA2539 /* FilhoEscola.app */,
			);
			name = Products;
			sourceTree = "<group>";
		};
		EEE4AEBC1EAD726F00AA2539 /* FilhoEscola */ = {
			isa = PBXGroup;
			children = (
				EEE4AF001EAD8EB600AA2539 /* Classes */,
				EEE4AF301EAD910100AA2539 /* Main.storyboard */,
				EEE4AF311EAD910100AA2539 /* Menu.storyboard */,
				EEE4AF321EAD910100AA2539 /* LaunchScreen.storyboard */,
				EEE4AEC91EAD726F00AA2539 /* Info.plist */,
				EEE4AEF81EAD8DC900AA2539 /* config.plist */,
				EEE4AEF91EAD8DC900AA2539 /* Localizable.strings */,
				EEE4AEF61EAD8DB900AA2539 /* Device.js */,
				EE1DAD381F4A1A740059BB6E /* FilhoEscola.entitlements */,
				EEE4AEC41EAD726F00AA2539 /* Assets.xcassets */,
				EEE4AEF51EAD8DAB00AA2539 /* Supporting Files */,
			);
			path = FilhoEscola;
			sourceTree = "<group>";
		};
		EEE4AECF1EAD8D2A00AA2539 /* Library */ = {
			isa = PBXGroup;
			children = (
				EE7B26D01F421F5B0084D96A /* Assets.xcassets */,
				EE7B26CE1F421F4C0084D96A /* Icon.swift */,
				EEE4AEE91EAD8D9400AA2539 /* App.swift */,
				EED3410B1F3A02DF00A8AB0F /* Color.swift */,
				EEE4AEEA1EAD8D9400AA2539 /* HRToast+UIView.swift */,
				EEE4AEEB1EAD8D9400AA2539 /* Service.swift */,
				EEE4AEEC1EAD8D9400AA2539 /* AppViewController.swift */,
				EEE4AEED1EAD8D9400AA2539 /* Model.swift */,
				EEE4AEEE1EAD8D9400AA2539 /* Trouble.swift */,
				EEFF44D21F30E4640089941E /* Network.swift */,
				EEE4AED21EAD8D7100AA2539 /* Http */,
				EEE4AED11EAD8D6500AA2539 /* Utils */,
				EEE4AED01EAD8D5300AA2539 /* Widget */,
			);
			name = Library;
			sourceTree = "<group>";
		};
		EEE4AED01EAD8D5300AA2539 /* Widget */ = {
			isa = PBXGroup;
			children = (
				EECD94381EBCAAC0009919CA /* CircleLabel.swift */,
				EECD94391EBCAAC0009919CA /* CircleImage.swift */,
				EEE4AEDD1EAD8D8700AA2539 /* DateField.swift */,
				EEE4AEDE1EAD8D8700AA2539 /* PickerField.swift */,
				EEE4AEDF1EAD8D8700AA2539 /* TextField.swift */,
				EEE4AEE01EAD8D8700AA2539 /* Button.swift */,
				EEE4AEE11EAD8D8700AA2539 /* View.swift */,
				EEE4AEE21EAD8D8700AA2539 /* CircleView.swift */,
			);
			name = Widget;
			sourceTree = "<group>";
		};
		EEE4AED11EAD8D6500AA2539 /* Utils */ = {
			isa = PBXGroup;
			children = (
				EEE4AED51EAD8D8000AA2539 /* DateUtils.swift */,
				EEE4AED61EAD8D8000AA2539 /* NumberUtils.swift */,
				EEE4AED71EAD8D8000AA2539 /* TextUtils.swift */,
				EEE4AED81EAD8D8000AA2539 /* ViewUtils.swift */,
				EED341091F3A02A300A8AB0F /* ShadowUtils.swift */,
			);
			name = Utils;
			sourceTree = "<group>";
		};
		EEE4AED21EAD8D7100AA2539 /* Http */ = {
			isa = PBXGroup;
			children = (
				EEE4AED31EAD8D7900AA2539 /* HttpStatus.swift */,
			);
			name = Http;
			sourceTree = "<group>";
		};
		EEE4AEF51EAD8DAB00AA2539 /* Supporting Files */ = {
			isa = PBXGroup;
			children = (
				EEE4AEFD1EAD8E2F00AA2539 /* SWRevealViewController.h */,
				EEE4AEFE1EAD8E2F00AA2539 /* SWRevealViewController.m */,
				EEE4AEFC1EAD8E2F00AA2539 /* FilhoEscola-Bridging-Header.h */,
			);
			name = "Supporting Files";
			sourceTree = "<group>";
		};
		EEE4AF001EAD8EB600AA2539 /* Classes */ = {
			isa = PBXGroup;
			children = (
				EED8EA631EBA7B4A006F9AC1 /* View */,
				EEE4AF051EAD8EE000AA2539 /* Realm */,
				EEE4AF041EAD8ED800AA2539 /* Model */,
				EEE4AF021EAD8ECA00AA2539 /* Controller */,
				EEE4AF031EAD8ED200AA2539 /* Service */,
				EEE4AF141EAD8FC900AA2539 /* FilhoEscola.swift */,
				EEE4AF151EAD8FC900AA2539 /* AppDelegate.swift */,
				EEE4AF161EAD8FC900AA2539 /* AppURLProtocol.swift */,
				EE4D90441F4A480F00549152 /* PushNotification.swift */,
			);
			name = Classes;
			sourceTree = "<group>";
		};
		EEE4AF021EAD8ECA00AA2539 /* Controller */ = {
			isa = PBXGroup;
			children = (
				EEE4AF201EAD90D200AA2539 /* FrontViewController.swift */,
				EEE4AF211EAD90D200AA2539 /* DrawerViewController.swift */,
				EEE4AF221EAD90D200AA2539 /* MenuTableViewController.swift */,
				EEE4AF231EAD90D200AA2539 /* WebViewController.swift */,
				EEE4AF241EAD90D200AA2539 /* CacheViewController.swift */,
				EEE4AF251EAD90D200AA2539 /* InicialViewController.swift */,
				EEE4AF261EAD90D200AA2539 /* AcessoViewController.swift */,
				EEE4AF271EAD90D200AA2539 /* CodigoViewController.swift */,
				EED3D0F01EC01F2800C220F6 /* ModalViewController.swift */,
				EED3D0F11EC01F2800C220F6 /* ModalViewController.xib */,
				EEE20F021ECDE05D00D64B5D /* ExternalWebViewController.swift */,
				EEE20F031ECDE05D00D64B5D /* ExternalWebViewController.xib */,
				EED1967F1F38F7CE00509675 /* AlunoListViewController.swift */,
				EED341071F39F97100A8AB0F /* MensagemCalendarViewController.swift */,
			);
			name = Controller;
			sourceTree = "<group>";
		};
		EEE4AF031EAD8ED200AA2539 /* Service */ = {
			isa = PBXGroup;
			children = (
				EEE4AF361EAD988100AA2539 /* FileService.swift */,
				EEE4AF371EAD988100AA2539 /* CacheService.swift */,
				EEE4AF381EAD988100AA2539 /* DispositivoService.swift */,
				EE30240F1ECC806E00B7F010 /* MensagemService.swift */,
				EED341011F39E1AC00A8AB0F /* AlunoService.swift */,
			);
			name = Service;
			sourceTree = "<group>";
		};
		EEE4AF041EAD8ED800AA2539 /* Model */ = {
			isa = PBXGroup;
			children = (
				EEE4AF081EAD8F6800AA2539 /* CacheModel.swift */,
				EEE4AF0A1EAD8F6800AA2539 /* ResultModel.swift */,
				EEE4AF0B1EAD8F6800AA2539 /* ViewModel.swift */,
				EEE4AF0C1EAD8F6800AA2539 /* ToolbarModel.swift */,
				EEFF44D61F30F3770089941E /* MessageModel.swift */,
				EEFF44D41F30E7E80089941E /* UploadResultModel.swift */,
				EEE4AF0D1EAD8F6800AA2539 /* ButtonModel.swift */,
				EED8EA681EBA8030006F9AC1 /* AlunoModel.swift */,
				EED8EA6C1EBA8207006F9AC1 /* EscolaModel.swift */,
				EED8EA6E1EBA85D8006F9AC1 /* MensagemModel.swift */,
				EE3024071ECC75D700B7F010 /* ImagemModel.swift */,
				EE30241B1ECC9AA200B7F010 /* FuncionarioModel.swift */,
			);
			name = Model;
			sourceTree = "<group>";
		};
		EEE4AF051EAD8EE000AA2539 /* Realm */ = {
			isa = PBXGroup;
			children = (
				EEE4AF061EAD8EED00AA2539 /* Cache.swift */,
				EE3024111ECC850000B7F010 /* Escola.swift */,
				EE3024131ECC86E900B7F010 /* Aluno.swift */,
				EE3024171ECC96C800B7F010 /* Mensagem.swift */,
				EE3024191ECC97CC00B7F010 /* Funcionario.swift */,
				EEE20F001ECDD06E00D64B5D /* Imagem.swift */,
			);
			name = Realm;
			sourceTree = "<group>";
		};
/* End PBXGroup section */

/* Begin PBXNativeTarget section */
		EEE4AEB91EAD726F00AA2539 /* FilhoEscola */ = {
			isa = PBXNativeTarget;
			buildConfigurationList = EEE4AECC1EAD726F00AA2539 /* Build configuration list for PBXNativeTarget "FilhoEscola" */;
			buildPhases = (
				97B3AE252ED9C48C9A90F68D /* [CP] Check Pods Manifest.lock */,
				EEE4AEB61EAD726F00AA2539 /* Sources */,
				EEE4AEB71EAD726F00AA2539 /* Frameworks */,
				EEE4AEB81EAD726F00AA2539 /* Resources */,
				6E8B8B1FE62AF08394833711 /* [CP] Embed Pods Frameworks */,
				97044648E4AFE5680B348685 /* [CP] Copy Pods Resources */,
			);
			buildRules = (
			);
			dependencies = (
			);
			name = FilhoEscola;
			productName = FilhoEscola;
			productReference = EEE4AEBA1EAD726F00AA2539 /* FilhoEscola.app */;
			productType = "com.apple.product-type.application";
		};
/* End PBXNativeTarget section */

/* Begin PBXProject section */
		EEE4AEB21EAD726F00AA2539 /* Project object */ = {
			isa = PBXProject;
			attributes = {
				LastSwiftUpdateCheck = 0830;
				LastUpgradeCheck = 0830;
				ORGANIZATIONNAME = "Wasys Technology";
				TargetAttributes = {
					EEE4AEB91EAD726F00AA2539 = {
						CreatedOnToolsVersion = 8.3.2;
						DevelopmentTeam = A5AW2855YQ;
						LastSwiftMigration = 0830;
						ProvisioningStyle = Manual;
						SystemCapabilities = {
							com.apple.Push = {
								enabled = 1;
							};
						};
					};
				};
			};
			buildConfigurationList = EEE4AEB51EAD726F00AA2539 /* Build configuration list for PBXProject "FilhoEscola" */;
			compatibilityVersion = "Xcode 3.2";
			developmentRegion = English;
			hasScannedForEncodings = 0;
			knownRegions = (
				en,
				Base,
			);
			mainGroup = EEE4AEB11EAD726F00AA2539;
			productRefGroup = EEE4AEBB1EAD726F00AA2539 /* Products */;
			projectDirPath = "";
			projectRoot = "";
			targets = (
				EEE4AEB91EAD726F00AA2539 /* FilhoEscola */,
			);
		};
/* End PBXProject section */

/* Begin PBXResourcesBuildPhase section */
		EEE4AEB81EAD726F00AA2539 /* Resources */ = {
			isa = PBXResourcesBuildPhase;
			buildActionMask = 2147483647;
			files = (
				EE3D4BDC1EBE4C6800243C38 /* MensagemTableViewCell.xib in Resources */,
				EED341111F3A050100A8AB0F /* MensagemCalendarHeaderView.xib in Resources */,
				EEE4AEF71EAD8DB900AA2539 /* Device.js in Resources */,
				EEE4AF331EAD910100AA2539 /* Main.storyboard in Resources */,
				EED3D0F31EC01F2800C220F6 /* ModalViewController.xib in Resources */,
				EEE4AEFB1EAD8DC900AA2539 /* Localizable.strings in Resources */,
				EE7B26D11F421F5B0084D96A /* Assets.xcassets in Resources */,
				EEE4AF341EAD910100AA2539 /* Menu.storyboard in Resources */,
				EEE4AF351EAD910100AA2539 /* LaunchScreen.storyboard in Resources */,
				EEE4AEC51EAD726F00AA2539 /* Assets.xcassets in Resources */,
				EEE20F051ECDE05D00D64B5D /* ExternalWebViewController.xib in Resources */,
				EED341061F39EF7100A8AB0F /* AlunoTableViewCell.xib in Resources */,
				EEE4AEFA1EAD8DC900AA2539 /* config.plist in Resources */,
			);
			runOnlyForDeploymentPostprocessing = 0;
		};
/* End PBXResourcesBuildPhase section */

/* Begin PBXShellScriptBuildPhase section */
		6E8B8B1FE62AF08394833711 /* [CP] Embed Pods Frameworks */ = {
			isa = PBXShellScriptBuildPhase;
			buildActionMask = 2147483647;
			files = (
			);
			inputPaths = (
			);
			name = "[CP] Embed Pods Frameworks";
			outputPaths = (
			);
			runOnlyForDeploymentPostprocessing = 0;
			shellPath = /bin/sh;
			shellScript = "\"${SRCROOT}/Pods/Target Support Files/Pods-FilhoEscola/Pods-FilhoEscola-frameworks.sh\"\n";
			showEnvVarsInLog = 0;
		};
		97044648E4AFE5680B348685 /* [CP] Copy Pods Resources */ = {
			isa = PBXShellScriptBuildPhase;
			buildActionMask = 2147483647;
			files = (
			);
			inputPaths = (
			);
			name = "[CP] Copy Pods Resources";
			outputPaths = (
			);
			runOnlyForDeploymentPostprocessing = 0;
			shellPath = /bin/sh;
			shellScript = "\"${SRCROOT}/Pods/Target Support Files/Pods-FilhoEscola/Pods-FilhoEscola-resources.sh\"\n";
			showEnvVarsInLog = 0;
		};
		97B3AE252ED9C48C9A90F68D /* [CP] Check Pods Manifest.lock */ = {
			isa = PBXShellScriptBuildPhase;
			buildActionMask = 2147483647;
			files = (
			);
			inputPaths = (
			);
			name = "[CP] Check Pods Manifest.lock";
			outputPaths = (
			);
			runOnlyForDeploymentPostprocessing = 0;
			shellPath = /bin/sh;
			shellScript = "diff \"${PODS_PODFILE_DIR_PATH}/Podfile.lock\" \"${PODS_ROOT}/Manifest.lock\" > /dev/null\nif [ $? != 0 ] ; then\n    # print error to STDERR\n    echo \"error: The sandbox is not in sync with the Podfile.lock. Run 'pod install' or update your CocoaPods installation.\" >&2\n    exit 1\nfi\n";
			showEnvVarsInLog = 0;
		};
/* End PBXShellScriptBuildPhase section */

/* Begin PBXSourcesBuildPhase section */
		EEE4AEB61EAD726F00AA2539 /* Sources */ = {
			isa = PBXSourcesBuildPhase;
			buildActionMask = 2147483647;
			files = (
				EEE4AEE41EAD8D8700AA2539 /* PickerField.swift in Sources */,
				EEE4AEDC1EAD8D8000AA2539 /* ViewUtils.swift in Sources */,
				EED341081F39F97100A8AB0F /* MensagemCalendarViewController.swift in Sources */,
				EEFF44D51F30E7E80089941E /* UploadResultModel.swift in Sources */,
				EEE4AEE51EAD8D8700AA2539 /* TextField.swift in Sources */,
				EEE4AEDA1EAD8D8000AA2539 /* NumberUtils.swift in Sources */,
				EE3024081ECC75D700B7F010 /* ImagemModel.swift in Sources */,
				EEE4AF291EAD90D200AA2539 /* DrawerViewController.swift in Sources */,
				EE4D90451F4A480F00549152 /* PushNotification.swift in Sources */,
				EED196801F38F7CE00509675 /* AlunoListViewController.swift in Sources */,
				EEE4AF111EAD8F6800AA2539 /* ViewModel.swift in Sources */,
				EEE4AEEF1EAD8D9400AA2539 /* App.swift in Sources */,
				EEE4AEDB1EAD8D8000AA2539 /* TextUtils.swift in Sources */,
				EEE4AF2D1EAD90D200AA2539 /* InicialViewController.swift in Sources */,
				EED8EA6D1EBA8207006F9AC1 /* EscolaModel.swift in Sources */,
				EEE20F041ECDE05D00D64B5D /* ExternalWebViewController.swift in Sources */,
				EEE20F011ECDD06E00D64B5D /* Imagem.swift in Sources */,
				EE3024181ECC96C800B7F010 /* Mensagem.swift in Sources */,
				EEFF44D71F30F3770089941E /* MessageModel.swift in Sources */,
				EED3410C1F3A02DF00A8AB0F /* Color.swift in Sources */,
				EEFF44D31F30E4640089941E /* Network.swift in Sources */,
				EEE4AF071EAD8EED00AA2539 /* Cache.swift in Sources */,
				EED8EA691EBA8030006F9AC1 /* AlunoModel.swift in Sources */,
				EEE4AEFF1EAD8E2F00AA2539 /* SWRevealViewController.m in Sources */,
				EEE4AF191EAD8FC900AA2539 /* AppURLProtocol.swift in Sources */,
				EEE4AEE31EAD8D8700AA2539 /* DateField.swift in Sources */,
				EED3410A1F3A02A300A8AB0F /* ShadowUtils.swift in Sources */,
				EEE4AED91EAD8D8000AA2539 /* DateUtils.swift in Sources */,
				EEE4AF3B1EAD988100AA2539 /* DispositivoService.swift in Sources */,
				EE30241C1ECC9AA200B7F010 /* FuncionarioModel.swift in Sources */,
				EEE4AF3A1EAD988100AA2539 /* CacheService.swift in Sources */,
				EEE4AEF31EAD8D9400AA2539 /* Model.swift in Sources */,
				EEE4AF391EAD988100AA2539 /* FileService.swift in Sources */,
				EEE4AF121EAD8F6800AA2539 /* ToolbarModel.swift in Sources */,
				EEE4AEF11EAD8D9400AA2539 /* Service.swift in Sources */,
				EEE4AF2E1EAD90D200AA2539 /* AcessoViewController.swift in Sources */,
				EEE4AEF21EAD8D9400AA2539 /* AppViewController.swift in Sources */,
				EECD943A1EBCAAC0009919CA /* CircleLabel.swift in Sources */,
				EED341051F39EF7100A8AB0F /* AlunoTableViewCell.swift in Sources */,
				EEE4AF2B1EAD90D200AA2539 /* WebViewController.swift in Sources */,
				EEE4AEE81EAD8D8700AA2539 /* CircleView.swift in Sources */,
				EEE4AEE71EAD8D8700AA2539 /* View.swift in Sources */,
				EEE4AEF41EAD8D9400AA2539 /* Trouble.swift in Sources */,
				EE3024101ECC806E00B7F010 /* MensagemService.swift in Sources */,
				EEE4AEF01EAD8D9400AA2539 /* HRToast+UIView.swift in Sources */,
				EE3024141ECC86E900B7F010 /* Aluno.swift in Sources */,
				EEE4AF101EAD8F6800AA2539 /* ResultModel.swift in Sources */,
				EED8EA6F1EBA85D8006F9AC1 /* MensagemModel.swift in Sources */,
				EEE4AF181EAD8FC900AA2539 /* AppDelegate.swift in Sources */,
				EE7B26CF1F421F4C0084D96A /* Icon.swift in Sources */,
				EE30241A1ECC97CC00B7F010 /* Funcionario.swift in Sources */,
				EEE4AF131EAD8F6800AA2539 /* ButtonModel.swift in Sources */,
				EEE4AF2A1EAD90D200AA2539 /* MenuTableViewController.swift in Sources */,
				EED341021F39E1AC00A8AB0F /* AlunoService.swift in Sources */,
				EED3D0F21EC01F2800C220F6 /* ModalViewController.swift in Sources */,
				EEE4AED41EAD8D7900AA2539 /* HttpStatus.swift in Sources */,
				EE3024121ECC850000B7F010 /* Escola.swift in Sources */,
				EEE4AF2C1EAD90D200AA2539 /* CacheViewController.swift in Sources */,
				EEE4AF281EAD90D200AA2539 /* FrontViewController.swift in Sources */,
				EEE4AF171EAD8FC900AA2539 /* FilhoEscola.swift in Sources */,
				EEE4AF0E1EAD8F6800AA2539 /* CacheModel.swift in Sources */,
				EEE4AF2F1EAD90D200AA2539 /* CodigoViewController.swift in Sources */,
				EED3410F1F3A04C300A8AB0F /* MensagemCalendarHeaderView.swift in Sources */,
				EEE4AEE61EAD8D8700AA2539 /* Button.swift in Sources */,
				EE3D4BDB1EBE4C6800243C38 /* MensagemTableViewCell.swift in Sources */,
				EECD943B1EBCAAC0009919CA /* CircleImage.swift in Sources */,
			);
			runOnlyForDeploymentPostprocessing = 0;
		};
/* End PBXSourcesBuildPhase section */

/* Begin XCBuildConfiguration section */
		EE2CF2361F4B70EA0034CF95 /* Ad Hoc Distribuction */ = {
			isa = XCBuildConfiguration;
			buildSettings = {
				ALWAYS_SEARCH_USER_PATHS = NO;
				CLANG_ANALYZER_NONNULL = YES;
				CLANG_ANALYZER_NUMBER_OBJECT_CONVERSION = YES_AGGRESSIVE;
				CLANG_CXX_LANGUAGE_STANDARD = "gnu++0x";
				CLANG_CXX_LIBRARY = "libc++";
				CLANG_ENABLE_MODULES = YES;
				CLANG_ENABLE_OBJC_ARC = YES;
				CLANG_WARN_BOOL_CONVERSION = YES;
				CLANG_WARN_CONSTANT_CONVERSION = YES;
				CLANG_WARN_DIRECT_OBJC_ISA_USAGE = YES_ERROR;
				CLANG_WARN_DOCUMENTATION_COMMENTS = YES;
				CLANG_WARN_EMPTY_BODY = YES;
				CLANG_WARN_ENUM_CONVERSION = YES;
				CLANG_WARN_INFINITE_RECURSION = YES;
				CLANG_WARN_INT_CONVERSION = YES;
				CLANG_WARN_OBJC_ROOT_CLASS = YES_ERROR;
				CLANG_WARN_SUSPICIOUS_MOVE = YES;
				CLANG_WARN_UNREACHABLE_CODE = YES;
				CLANG_WARN__DUPLICATE_METHOD_MATCH = YES;
				"CODE_SIGN_IDENTITY[sdk=iphoneos*]" = "iPhone Developer";
				COPY_PHASE_STRIP = NO;
				DEBUG_INFORMATION_FORMAT = "dwarf-with-dsym";
				ENABLE_NS_ASSERTIONS = NO;
				ENABLE_STRICT_OBJC_MSGSEND = YES;
				GCC_C_LANGUAGE_STANDARD = gnu99;
				GCC_NO_COMMON_BLOCKS = YES;
				GCC_WARN_64_TO_32_BIT_CONVERSION = YES;
				GCC_WARN_ABOUT_RETURN_TYPE = YES_ERROR;
				GCC_WARN_UNDECLARED_SELECTOR = YES;
				GCC_WARN_UNINITIALIZED_AUTOS = YES_AGGRESSIVE;
				GCC_WARN_UNUSED_FUNCTION = YES;
				GCC_WARN_UNUSED_VARIABLE = YES;
				IPHONEOS_DEPLOYMENT_TARGET = 10.3;
				MTL_ENABLE_DEBUG_INFO = NO;
				SDKROOT = iphoneos;
				SWIFT_OPTIMIZATION_LEVEL = "-Owholemodule";
				TARGETED_DEVICE_FAMILY = "1,2";
				VALIDATE_PRODUCT = YES;
			};
			name = "Ad Hoc Distribuction";
		};
		EE2CF2371F4B70EA0034CF95 /* Ad Hoc Distribuction */ = {
			isa = XCBuildConfiguration;
			baseConfigurationReference = 80C433397419DD66357B7C01 /* Pods-FilhoEscola.ad hoc distribuction.xcconfig */;
			buildSettings = {
				ASSETCATALOG_COMPILER_APPICON_NAME = AppIcon;
				CLANG_ENABLE_MODULES = YES;
				CODE_SIGN_ENTITLEMENTS = FilhoEscola/FilhoEscola.entitlements;
				"CODE_SIGN_IDENTITY[sdk=iphoneos*]" = "iPhone Distribution: Webwasys Informatica Ltda Epp (A5AW2855YQ)";
				DEVELOPMENT_TEAM = A5AW2855YQ;
				INFOPLIST_FILE = FilhoEscola/Info.plist;
				LD_RUNPATH_SEARCH_PATHS = "$(inherited) @executable_path/Frameworks";
				PRODUCT_BUNDLE_IDENTIFIER = br.com.wasys.FilhoEscola;
				PRODUCT_NAME = "$(TARGET_NAME)";
				PROVISIONING_PROFILE = "e0d0145e-83f4-4c5d-b6d0-3e57985a5882";
				PROVISIONING_PROFILE_SPECIFIER = "Filho na escola Ad Hoc";
				SWIFT_OBJC_BRIDGING_HEADER = "FilhoEscola/FilhoEscola-Bridging-Header.h";
				SWIFT_VERSION = 3.0;
			};
			name = "Ad Hoc Distribuction";
		};
		EEE4AECA1EAD726F00AA2539 /* Debug */ = {
			isa = XCBuildConfiguration;
			buildSettings = {
				ALWAYS_SEARCH_USER_PATHS = NO;
				CLANG_ANALYZER_NONNULL = YES;
				CLANG_ANALYZER_NUMBER_OBJECT_CONVERSION = YES_AGGRESSIVE;
				CLANG_CXX_LANGUAGE_STANDARD = "gnu++0x";
				CLANG_CXX_LIBRARY = "libc++";
				CLANG_ENABLE_MODULES = YES;
				CLANG_ENABLE_OBJC_ARC = YES;
				CLANG_WARN_BOOL_CONVERSION = YES;
				CLANG_WARN_CONSTANT_CONVERSION = YES;
				CLANG_WARN_DIRECT_OBJC_ISA_USAGE = YES_ERROR;
				CLANG_WARN_DOCUMENTATION_COMMENTS = YES;
				CLANG_WARN_EMPTY_BODY = YES;
				CLANG_WARN_ENUM_CONVERSION = YES;
				CLANG_WARN_INFINITE_RECURSION = YES;
				CLANG_WARN_INT_CONVERSION = YES;
				CLANG_WARN_OBJC_ROOT_CLASS = YES_ERROR;
				CLANG_WARN_SUSPICIOUS_MOVE = YES;
				CLANG_WARN_UNREACHABLE_CODE = YES;
				CLANG_WARN__DUPLICATE_METHOD_MATCH = YES;
				"CODE_SIGN_IDENTITY[sdk=iphoneos*]" = "iPhone Developer";
				COPY_PHASE_STRIP = NO;
				DEBUG_INFORMATION_FORMAT = dwarf;
				ENABLE_STRICT_OBJC_MSGSEND = YES;
				ENABLE_TESTABILITY = YES;
				GCC_C_LANGUAGE_STANDARD = gnu99;
				GCC_DYNAMIC_NO_PIC = NO;
				GCC_NO_COMMON_BLOCKS = YES;
				GCC_OPTIMIZATION_LEVEL = 0;
				GCC_PREPROCESSOR_DEFINITIONS = (
					"DEBUG=1",
					"$(inherited)",
				);
				GCC_WARN_64_TO_32_BIT_CONVERSION = YES;
				GCC_WARN_ABOUT_RETURN_TYPE = YES_ERROR;
				GCC_WARN_UNDECLARED_SELECTOR = YES;
				GCC_WARN_UNINITIALIZED_AUTOS = YES_AGGRESSIVE;
				GCC_WARN_UNUSED_FUNCTION = YES;
				GCC_WARN_UNUSED_VARIABLE = YES;
				IPHONEOS_DEPLOYMENT_TARGET = 10.3;
				MTL_ENABLE_DEBUG_INFO = YES;
				ONLY_ACTIVE_ARCH = YES;
				SDKROOT = iphoneos;
				SWIFT_ACTIVE_COMPILATION_CONDITIONS = DEBUG;
				SWIFT_OPTIMIZATION_LEVEL = "-Onone";
				TARGETED_DEVICE_FAMILY = "1,2";
			};
			name = Debug;
		};
		EEE4AECB1EAD726F00AA2539 /* Release */ = {
			isa = XCBuildConfiguration;
			buildSettings = {
				ALWAYS_SEARCH_USER_PATHS = NO;
				CLANG_ANALYZER_NONNULL = YES;
				CLANG_ANALYZER_NUMBER_OBJECT_CONVERSION = YES_AGGRESSIVE;
				CLANG_CXX_LANGUAGE_STANDARD = "gnu++0x";
				CLANG_CXX_LIBRARY = "libc++";
				CLANG_ENABLE_MODULES = YES;
				CLANG_ENABLE_OBJC_ARC = YES;
				CLANG_WARN_BOOL_CONVERSION = YES;
				CLANG_WARN_CONSTANT_CONVERSION = YES;
				CLANG_WARN_DIRECT_OBJC_ISA_USAGE = YES_ERROR;
				CLANG_WARN_DOCUMENTATION_COMMENTS = YES;
				CLANG_WARN_EMPTY_BODY = YES;
				CLANG_WARN_ENUM_CONVERSION = YES;
				CLANG_WARN_INFINITE_RECURSION = YES;
				CLANG_WARN_INT_CONVERSION = YES;
				CLANG_WARN_OBJC_ROOT_CLASS = YES_ERROR;
				CLANG_WARN_SUSPICIOUS_MOVE = YES;
				CLANG_WARN_UNREACHABLE_CODE = YES;
				CLANG_WARN__DUPLICATE_METHOD_MATCH = YES;
				"CODE_SIGN_IDENTITY[sdk=iphoneos*]" = "iPhone Developer";
				COPY_PHASE_STRIP = NO;
				DEBUG_INFORMATION_FORMAT = "dwarf-with-dsym";
				ENABLE_NS_ASSERTIONS = NO;
				ENABLE_STRICT_OBJC_MSGSEND = YES;
				GCC_C_LANGUAGE_STANDARD = gnu99;
				GCC_NO_COMMON_BLOCKS = YES;
				GCC_WARN_64_TO_32_BIT_CONVERSION = YES;
				GCC_WARN_ABOUT_RETURN_TYPE = YES_ERROR;
				GCC_WARN_UNDECLARED_SELECTOR = YES;
				GCC_WARN_UNINITIALIZED_AUTOS = YES_AGGRESSIVE;
				GCC_WARN_UNUSED_FUNCTION = YES;
				GCC_WARN_UNUSED_VARIABLE = YES;
				IPHONEOS_DEPLOYMENT_TARGET = 10.3;
				MTL_ENABLE_DEBUG_INFO = NO;
				SDKROOT = iphoneos;
				SWIFT_OPTIMIZATION_LEVEL = "-Owholemodule";
				TARGETED_DEVICE_FAMILY = "1,2";
				VALIDATE_PRODUCT = YES;
			};
			name = Release;
		};
		EEE4AECD1EAD726F00AA2539 /* Debug */ = {
			isa = XCBuildConfiguration;
			baseConfigurationReference = D3C30380CB4536B1234D79D8 /* Pods-FilhoEscola.debug.xcconfig */;
			buildSettings = {
				ASSETCATALOG_COMPILER_APPICON_NAME = AppIcon;
				CLANG_ENABLE_MODULES = YES;
				CODE_SIGN_ENTITLEMENTS = FilhoEscola/FilhoEscola.entitlements;
				DEVELOPMENT_TEAM = A5AW2855YQ;
				INFOPLIST_FILE = FilhoEscola/Info.plist;
				LD_RUNPATH_SEARCH_PATHS = "$(inherited) @executable_path/Frameworks";
				PRODUCT_BUNDLE_IDENTIFIER = br.com.wasys.FilhoEscola;
				PRODUCT_NAME = "$(TARGET_NAME)";
				PROVISIONING_PROFILE = "502fdbff-0343-45c1-9fb1-c9cccde0d997";
				PROVISIONING_PROFILE_SPECIFIER = "Filho na escola Dev";
				SWIFT_OBJC_BRIDGING_HEADER = "FilhoEscola/FilhoEscola-Bridging-Header.h";
				SWIFT_OPTIMIZATION_LEVEL = "-Onone";
				SWIFT_VERSION = 3.0;
			};
			name = Debug;
		};
		EEE4AECE1EAD726F00AA2539 /* Release */ = {
			isa = XCBuildConfiguration;
			baseConfigurationReference = CAC51ECEDB7B18A7644D067C /* Pods-FilhoEscola.release.xcconfig */;
			buildSettings = {
				ASSETCATALOG_COMPILER_APPICON_NAME = AppIcon;
				CLANG_ENABLE_MODULES = YES;
				CODE_SIGN_ENTITLEMENTS = FilhoEscola/FilhoEscola.entitlements;
				DEVELOPMENT_TEAM = A5AW2855YQ;
				INFOPLIST_FILE = FilhoEscola/Info.plist;
				LD_RUNPATH_SEARCH_PATHS = "$(inherited) @executable_path/Frameworks";
				PRODUCT_BUNDLE_IDENTIFIER = br.com.wasys.FilhoEscola;
				PRODUCT_NAME = "$(TARGET_NAME)";
				PROVISIONING_PROFILE = "502fdbff-0343-45c1-9fb1-c9cccde0d997";
				PROVISIONING_PROFILE_SPECIFIER = "Filho na escola Dev";
				SWIFT_OBJC_BRIDGING_HEADER = "FilhoEscola/FilhoEscola-Bridging-Header.h";
				SWIFT_VERSION = 3.0;
			};
			name = Release;
		};
/* End XCBuildConfiguration section */

/* Begin XCConfigurationList section */
		EEE4AEB51EAD726F00AA2539 /* Build configuration list for PBXProject "FilhoEscola" */ = {
			isa = XCConfigurationList;
			buildConfigurations = (
				EEE4AECA1EAD726F00AA2539 /* Debug */,
				EEE4AECB1EAD726F00AA2539 /* Release */,
				EE2CF2361F4B70EA0034CF95 /* Ad Hoc Distribuction */,
			);
			defaultConfigurationIsVisible = 0;
			defaultConfigurationName = Release;
		};
		EEE4AECC1EAD726F00AA2539 /* Build configuration list for PBXNativeTarget "FilhoEscola" */ = {
			isa = XCConfigurationList;
			buildConfigurations = (
				EEE4AECD1EAD726F00AA2539 /* Debug */,
				EEE4AECE1EAD726F00AA2539 /* Release */,
				EE2CF2371F4B70EA0034CF95 /* Ad Hoc Distribuction */,
			);
			defaultConfigurationIsVisible = 0;
			defaultConfigurationName = Release;
		};
/* End XCConfigurationList section */
	};
	rootObject = EEE4AEB21EAD726F00AA2539 /* Project object */;
}
